
Microsoft Visual Studio Solution File, Format Version 12.00
# Visual Studio Version 17
VisualStudioVersion = 17.14.36616.10 d17.14
MinimumVisualStudioVersion = 10.0.40219.1
Project("{FAE04EC0-301F-11D3-BF4B-00C04F79EFBC}") = "K1U2 Contact Catalog", "K1U2 Contact Catalog\K1U2 Contact Catalog.csproj", "{13974F83-2CFE-496F-B1C4-1B150B3305F2}"
EndProject
Project("{FAE04EC0-301F-11D3-BF4B-00C04F79EFBC}") = "K1U2 Contact Catalog.Tests", "K1U2 Contact Catalog.Tests\K1U2 Contact Catalog.Tests.csproj", "{C23C671C-23DC-42FE-B11F-6940F63A8AB5}"
EndProject
Global
	GlobalSection(SolutionConfigurationPlatforms) = preSolution
		Debug|Any CPU = Debug|Any CPU
		Release|Any CPU = Release|Any CPU
	EndGlobalSection
	GlobalSection(ProjectConfigurationPlatforms) = postSolution
		{13974F83-2CFE-496F-B1C4-1B150B3305F2}.Debug|Any CPU.ActiveCfg = Debug|Any CPU
		{13974F83-2CFE-496F-B1C4-1B150B3305F2}.Debug|Any CPU.Build.0 = Debug|Any CPU
		{13974F83-2CFE-496F-B1C4-1B150B3305F2}.Release|Any CPU.ActiveCfg = Release|Any CPU
		{13974F83-2CFE-496F-B1C4-1B150B3305F2}.Release|Any CPU.Build.0 = Release|Any CPU
		{C23C671C-23DC-42FE-B11F-6940F63A8AB5}.Debug|Any CPU.ActiveCfg = Debug|Any CPU
		{C23C671C-23DC-42FE-B11F-6940F63A8AB5}.Debug|Any CPU.Build.0 = Debug|Any CPU
		{C23C671C-23DC-42FE-B11F-6940F63A8AB5}.Release|Any CPU.ActiveCfg = Release|Any CPU
		{C23C671C-23DC-42FE-B11F-6940F63A8AB5}.Release|Any CPU.Build.0 = Release|Any CPU
	EndGlobalSection
	GlobalSection(SolutionProperties) = preSolution
		HideSolutionNode = FALSE
	EndGlobalSection
	GlobalSection(ExtensibilityGlobals) = postSolution
		SolutionGuid = {9A281BAA-F189-4B9A-8543-B69EFA11F797}
	EndGlobalSection
EndGlobal
